
Microsoft Visual Studio Solution File, Format Version 12.00
# Visual Studio Version 16
VisualStudioVersion = 16.0.31205.134
MinimumVisualStudioVersion = 10.0.40219.1
Project("{FAE04EC0-301F-11D3-BF4B-00C04F79EFBC}") = "EmployeePayrollService", "EmployeePayrollService\EmployeePayrollService.csproj", "{3F8203C1-B932-4C68-91D9-1E63BD00ED32}"
EndProject
Project("{FAE04EC0-301F-11D3-BF4B-00C04F79EFBC}") = "EmployeePayrollTest", "EmployeePayrollTest\EmployeePayrollTest.csproj", "{18F23707-BBF6-4579-9CBE-9BE87C85A7EA}"
EndProject
Global
	GlobalSection(SolutionConfigurationPlatforms) = preSolution
		Debug|Any CPU = Debug|Any CPU
		Release|Any CPU = Release|Any CPU
	EndGlobalSection
	GlobalSection(ProjectConfigurationPlatforms) = postSolution
		{3F8203C1-B932-4C68-91D9-1E63BD00ED32}.Debug|Any CPU.ActiveCfg = Debug|Any CPU
		{3F8203C1-B932-4C68-91D9-1E63BD00ED32}.Debug|Any CPU.Build.0 = Debug|Any CPU
		{3F8203C1-B932-4C68-91D9-1E63BD00ED32}.Release|Any CPU.ActiveCfg = Release|Any CPU
		{3F8203C1-B932-4C68-91D9-1E63BD00ED32}.Release|Any CPU.Build.0 = Release|Any CPU
		{18F23707-BBF6-4579-9CBE-9BE87C85A7EA}.Debug|Any CPU.ActiveCfg = Debug|Any CPU
		{18F23707-BBF6-4579-9CBE-9BE87C85A7EA}.Debug|Any CPU.Build.0 = Debug|Any CPU
		{18F23707-BBF6-4579-9CBE-9BE87C85A7EA}.Release|Any CPU.ActiveCfg = Release|Any CPU
		{18F23707-BBF6-4579-9CBE-9BE87C85A7EA}.Release|Any CPU.Build.0 = Release|Any CPU
	EndGlobalSection
	GlobalSection(SolutionProperties) = preSolution
		HideSolutionNode = FALSE
	EndGlobalSection
	GlobalSection(ExtensibilityGlobals) = postSolution
		SolutionGuid = {4BD3F483-267E-4E47-BCE9-644AB0D5D0B8}
	EndGlobalSection
EndGlobal
